// !$*UTF8*$!
{
	archiveVersion = 1;
	classes = {
	};
	objectVersion = 77;
	objects = {

/* Begin PBXBuildFile section */
		09152444D29DAC52007364EF /* UsageService.swift in Sources */ = {isa = PBXBuildFile; fileRef = 62A50601F1B521DACCBA71CF /* UsageService.swift */; };
		09EF264B3E79C5507EA74DED /* StatusService.swift in Sources */ = {isa = PBXBuildFile; fileRef = 785CE3A837F9DE36BFA7B098 /* StatusService.swift */; };
		119EB8F5B2F34242CD914E17 /* MenuBarView.swift in Sources */ = {isa = PBXBuildFile; fileRef = E067621A3A9074DE1FA5C885 /* MenuBarView.swift */; };
		1CCDE27EE8FD21B0F6D69914 /* NotificationManager.swift in Sources */ = {isa = PBXBuildFile; fileRef = B6F8F45336CFDE3CFBE9C478 /* NotificationManager.swift */; };
		34DDE2D91C68E4ECDB00463F /* OAuthService.swift in Sources */ = {isa = PBXBuildFile; fileRef = 341F994C3DCB90D621702AF7 /* OAuthService.swift */; };
		63CF6CE5C4952D11E8F8E9A2 /* Models.swift in Sources */ = {isa = PBXBuildFile; fileRef = 83DEB5F8285FAC2D1D6066BA /* Models.swift */; };
		9B63DF915F9C04860F9F5C4B /* ClaudeLogoShape.swift in Sources */ = {isa = PBXBuildFile; fileRef = D32B58D4427A1C02472485B1 /* ClaudeLogoShape.swift */; };
		C0FEE278419BC4689A3BEFA6 /* UsageGraphView.swift in Sources */ = {isa = PBXBuildFile; fileRef = 1FB45E5C944A8BD9CFB54DB1 /* UsageGraphView.swift */; };
		D5F3AF8210596C86F0C5108B /* CCUsageBarApp.swift in Sources */ = {isa = PBXBuildFile; fileRef = 7FF87AD08C17B801F031C2E5 /* CCUsageBarApp.swift */; };
		DB2846DC0AE3EF5D37B6CE6E /* SettingsView.swift in Sources */ = {isa = PBXBuildFile; fileRef = 2765E299062F4749A9DB9B9F /* SettingsView.swift */; };
/* End PBXBuildFile section */

/* Begin PBXFileReference section */
		1FB45E5C944A8BD9CFB54DB1 /* UsageGraphView.swift */ = {isa = PBXFileReference; lastKnownFileType = sourcecode.swift; path = UsageGraphView.swift; sourceTree = "<group>"; };
		2765E299062F4749A9DB9B9F /* SettingsView.swift */ = {isa = PBXFileReference; lastKnownFileType = sourcecode.swift; path = SettingsView.swift; sourceTree = "<group>"; };
		341F994C3DCB90D621702AF7 /* OAuthService.swift */ = {isa = PBXFileReference; lastKnownFileType = sourcecode.swift; path = OAuthService.swift; sourceTree = "<group>"; };
		62A50601F1B521DACCBA71CF /* UsageService.swift */ = {isa = PBXFileReference; lastKnownFileType = sourcecode.swift; path = UsageService.swift; sourceTree = "<group>"; };
		785CE3A837F9DE36BFA7B098 /* StatusService.swift */ = {isa = PBXFileReference; lastKnownFileType = sourcecode.swift; path = StatusService.swift; sourceTree = "<group>"; };
		7FF87AD08C17B801F031C2E5 /* CCUsageBarApp.swift */ = {isa = PBXFileReference; lastKnownFileType = sourcecode.swift; path = CCUsageBarApp.swift; sourceTree = "<group>"; };
		83DEB5F8285FAC2D1D6066BA /* Models.swift */ = {isa = PBXFileReference; lastKnownFileType = sourcecode.swift; path = Models.swift; sourceTree = "<group>"; };
		8D8594B201C52CFEB94AE2A7 /* CC Usage Bar.app */ = {isa = PBXFileReference; explicitFileType = wrapper.application; includeInIndex = 0; path = "CC Usage Bar.app"; sourceTree = BUILT_PRODUCTS_DIR; };
		B6F8F45336CFDE3CFBE9C478 /* NotificationManager.swift */ = {isa = PBXFileReference; lastKnownFileType = sourcecode.swift; path = NotificationManager.swift; sourceTree = "<group>"; };
		D32B58D4427A1C02472485B1 /* ClaudeLogoShape.swift */ = {isa = PBXFileReference; lastKnownFileType = sourcecode.swift; path = ClaudeLogoShape.swift; sourceTree = "<group>"; };
		E067621A3A9074DE1FA5C885 /* MenuBarView.swift */ = {isa = PBXFileReference; lastKnownFileType = sourcecode.swift; path = MenuBarView.swift; sourceTree = "<group>"; };
/* End PBXFileReference section */

/* Begin PBXGroup section */
		074C597353FC6AEB7589D5F3 /* Sources */ = {
			isa = PBXGroup;
			children = (
				31D9197423AA1F700F71382B /* App */,
				6E4AF056B941DAA7DECD23CF /* Models */,
				F95DA7F608185A87586BE019 /* Services */,
				1DBD42150398F51C6ED53CC5 /* Views */,
			);
			name = Sources;
			path = CCUsageBar/Sources;
			sourceTree = "<group>";
		};
		1DBD42150398F51C6ED53CC5 /* Views */ = {
			isa = PBXGroup;
			children = (
				D32B58D4427A1C02472485B1 /* ClaudeLogoShape.swift */,
				E067621A3A9074DE1FA5C885 /* MenuBarView.swift */,
				2765E299062F4749A9DB9B9F /* SettingsView.swift */,
				1FB45E5C944A8BD9CFB54DB1 /* UsageGraphView.swift */,
			);
			path = Views;
			sourceTree = "<group>";
		};
		31D9197423AA1F700F71382B /* App */ = {
			isa = PBXGroup;
			children = (
				7FF87AD08C17B801F031C2E5 /* CCUsageBarApp.swift */,
			);
			path = App;
			sourceTree = "<group>";
		};
		6E4AF056B941DAA7DECD23CF /* Models */ = {
			isa = PBXGroup;
			children = (
				83DEB5F8285FAC2D1D6066BA /* Models.swift */,
			);
			path = Models;
			sourceTree = "<group>";
		};
		D0E72CF80AA037601DDC7BE0 /* Products */ = {
			isa = PBXGroup;
			children = (
				8D8594B201C52CFEB94AE2A7 /* CC Usage Bar.app */,
			);
			name = Products;
			sourceTree = "<group>";
		};
		F9428C018626C5F9686F0E18 = {
			isa = PBXGroup;
			children = (
				074C597353FC6AEB7589D5F3 /* Sources */,
				D0E72CF80AA037601DDC7BE0 /* Products */,
			);
			sourceTree = "<group>";
		};
		F95DA7F608185A87586BE019 /* Services */ = {
			isa = PBXGroup;
			children = (
				B6F8F45336CFDE3CFBE9C478 /* NotificationManager.swift */,
				341F994C3DCB90D621702AF7 /* OAuthService.swift */,
				785CE3A837F9DE36BFA7B098 /* StatusService.swift */,
				62A50601F1B521DACCBA71CF /* UsageService.swift */,
			);
			path = Services;
			sourceTree = "<group>";
		};
/* End PBXGroup section */

/* Begin PBXNativeTarget section */
		17CDE7D2E5330D7B6C334CD8 /* CCUsageBar */ = {
			isa = PBXNativeTarget;
			buildConfigurationList = F8198CFA31A156E1270E63B5 /* Build configuration list for PBXNativeTarget "CCUsageBar" */;
			buildPhases = (
				091596F9C6F49EBD11B369CB /* Sources */,
			);
			buildRules = (
			);
			dependencies = (
			);
			name = CCUsageBar;
			packageProductDependencies = (
			);
			productName = CCUsageBar;
			productReference = 8D8594B201C52CFEB94AE2A7 /* CC Usage Bar.app */;
			productType = "com.apple.product-type.application";
		};
/* End PBXNativeTarget section */

/* Begin PBXProject section */
		C48B18E58EE228620786CBD4 /* Project object */ = {
			isa = PBXProject;
			attributes = {
				BuildIndependentTargetsInParallel = YES;
				LastUpgradeCheck = 1600;
				TargetAttributes = {
					17CDE7D2E5330D7B6C334CD8 = {
						ProvisioningStyle = Automatic;
					};
				};
			};
			buildConfigurationList = 784CA84B0D068CC2DAD4B655 /* Build configuration list for PBXProject "CCUsageBar" */;
			developmentRegion = en;
			hasScannedForEncodings = 0;
			knownRegions = (
				Base,
				en,
			);
			mainGroup = F9428C018626C5F9686F0E18;
			minimizedProjectReferenceProxies = 1;
			preferredProjectObjectVersion = 77;
			productRefGroup = D0E72CF80AA037601DDC7BE0 /* Products */;
			projectDirPath = "";
			projectRoot = "";
			targets = (
				17CDE7D2E5330D7B6C334CD8 /* CCUsageBar */,
			);
		};
/* End PBXProject section */

/* Begin PBXSourcesBuildPhase section */
		091596F9C6F49EBD11B369CB /* Sources */ = {
			isa = PBXSourcesBuildPhase;
			buildActionMask = 2147483647;
			files = (
				D5F3AF8210596C86F0C5108B /* CCUsageBarApp.swift in Sources */,
				9B63DF915F9C04860F9F5C4B /* ClaudeLogoShape.swift in Sources */,
				119EB8F5B2F34242CD914E17 /* MenuBarView.swift in Sources */,
				63CF6CE5C4952D11E8F8E9A2 /* Models.swift in Sources */,
				1CCDE27EE8FD21B0F6D69914 /* NotificationManager.swift in Sources */,
				34DDE2D91C68E4ECDB00463F /* OAuthService.swift in Sources */,
				DB2846DC0AE3EF5D37B6CE6E /* SettingsView.swift in Sources */,
				09EF264B3E79C5507EA74DED /* StatusService.swift in Sources */,
				C0FEE278419BC4689A3BEFA6 /* UsageGraphView.swift in Sources */,
				09152444D29DAC52007364EF /* UsageService.swift in Sources */,
			);
			runOnlyForDeploymentPostprocessing = 0;
		};
/* End PBXSourcesBuildPhase section */

/* Begin XCBuildConfiguration section */
		40EE6A8A10E5739FA535DE06 /* Debug */ = {
			isa = XCBuildConfiguration;
			buildSettings = {
				ASSETCATALOG_COMPILER_APPICON_NAME = AppIcon;
				CODE_SIGN_ENTITLEMENTS = CCUsageBar/CCUsageBar.entitlements;
				CODE_SIGN_IDENTITY = "Apple Development";
				CODE_SIGN_STYLE = Automatic;
				COMBINE_HIDPI_IMAGES = YES;
				CURRENT_PROJECT_VERSION = 1;
				DEVELOPMENT_TEAM = 7B4JA8VWCY;
				ENABLE_APP_SANDBOX = YES;
				INFOPLIST_FILE = CCUsageBar/Info.plist;
				LD_RUNPATH_SEARCH_PATHS = (
					"$(inherited)",
					"@executable_path/../Frameworks",
				);
				MACOSX_DEPLOYMENT_TARGET = 14.0;
				MARKETING_VERSION = 1.0.0;
				PRODUCT_BUNDLE_IDENTIFIER = "com.konradmichalik.cc-usage-bar";
				PRODUCT_NAME = "CC Usage Bar";
				SDKROOT = macosx;
				SWIFT_VERSION = 5.9;
			};
			name = Debug;
		};
		52D81581C19DE425827CCA08 /* Release */ = {
			isa = XCBuildConfiguration;
			buildSettings = {
				ASSETCATALOG_COMPILER_APPICON_NAME = AppIcon;
				CODE_SIGN_ENTITLEMENTS = CCUsageBar/CCUsageBar.entitlements;
				CODE_SIGN_IDENTITY = "Apple Development";
				CODE_SIGN_STYLE = Automatic;
				COMBINE_HIDPI_IMAGES = YES;
				CURRENT_PROJECT_VERSION = 1;
				DEVELOPMENT_TEAM = 7B4JA8VWCY;
				ENABLE_APP_SANDBOX = YES;
				INFOPLIST_FILE = CCUsageBar/Info.plist;
				LD_RUNPATH_SEARCH_PATHS = (
					"$(inherited)",
					"@executable_path/../Frameworks",
				);
				MACOSX_DEPLOYMENT_TARGET = 14.0;
				MARKETING_VERSION = 1.0.0;
				PRODUCT_BUNDLE_IDENTIFIER = "com.konradmichalik.cc-usage-bar";
				PRODUCT_NAME = "CC Usage Bar";
				SDKROOT = macosx;
				SWIFT_VERSION = 5.9;
			};
			name = Release;
		};
		798635EDBFFA7DA2EB29799B /* Release */ = {
			isa = XCBuildConfiguration;
			buildSettings = {
				ALWAYS_SEARCH_USER_PATHS = NO;
				CLANG_ANALYZER_NONNULL = YES;
				CLANG_ANALYZER_NUMBER_OBJECT_CONVERSION = YES_AGGRESSIVE;
				CLANG_CXX_LANGUAGE_STANDARD = "gnu++14";
				CLANG_CXX_LIBRARY = "libc++";
				CLANG_ENABLE_MODULES = YES;
				CLANG_ENABLE_OBJC_ARC = YES;
				CLANG_ENABLE_OBJC_WEAK = YES;
				CLANG_WARN_BLOCK_CAPTURE_AUTORELEASING = YES;
				CLANG_WARN_BOOL_CONVERSION = YES;
				CLANG_WARN_COMMA = YES;
				CLANG_WARN_CONSTANT_CONVERSION = YES;
				CLANG_WARN_DEPRECATED_OBJC_IMPLEMENTATIONS = YES;
				CLANG_WARN_DIRECT_OBJC_ISA_USAGE = YES_ERROR;
				CLANG_WARN_DOCUMENTATION_COMMENTS = YES;
				CLANG_WARN_EMPTY_BODY = YES;
				CLANG_WARN_ENUM_CONVERSION = YES;
				CLANG_WARN_INFINITE_RECURSION = YES;
				CLANG_WARN_INT_CONVERSION = YES;
				CLANG_WARN_NON_LITERAL_NULL_CONVERSION = YES;
				CLANG_WARN_OBJC_IMPLICIT_RETAIN_SELF = YES;
				CLANG_WARN_OBJC_LITERAL_CONVERSION = YES;
				CLANG_WARN_OBJC_ROOT_CLASS = YES_ERROR;
				CLANG_WARN_QUOTED_INCLUDE_IN_FRAMEWORK_HEADER = YES;
				CLANG_WARN_RANGE_LOOP_ANALYSIS = YES;
				CLANG_WARN_STRICT_PROTOTYPES = YES;
				CLANG_WARN_SUSPICIOUS_MOVE = YES;
				CLANG_WARN_UNGUARDED_AVAILABILITY = YES_AGGRESSIVE;
				CLANG_WARN_UNREACHABLE_CODE = YES;
				CLANG_WARN__DUPLICATE_METHOD_MATCH = YES;
				COPY_PHASE_STRIP = NO;
				DEBUG_INFORMATION_FORMAT = "dwarf-with-dsym";
				ENABLE_NS_ASSERTIONS = NO;
				ENABLE_STRICT_OBJC_MSGSEND = YES;
				GCC_C_LANGUAGE_STANDARD = gnu11;
				GCC_NO_COMMON_BLOCKS = YES;
				GCC_WARN_64_TO_32_BIT_CONVERSION = YES;
				GCC_WARN_ABOUT_RETURN_TYPE = YES_ERROR;
				GCC_WARN_UNDECLARED_SELECTOR = YES;
				GCC_WARN_UNINITIALIZED_AUTOS = YES_AGGRESSIVE;
				GCC_WARN_UNUSED_FUNCTION = YES;
				GCC_WARN_UNUSED_VARIABLE = YES;
				MACOSX_DEPLOYMENT_TARGET = 14.0;
				MTL_ENABLE_DEBUG_INFO = NO;
				MTL_FAST_MATH = YES;
				PRODUCT_NAME = "$(TARGET_NAME)";
				SDKROOT = macosx;
				SWIFT_COMPILATION_MODE = wholemodule;
				SWIFT_OPTIMIZATION_LEVEL = "-O";
				SWIFT_VERSION = 5.0;
			};
			name = Release;
		};
		E6ED56167BD461808A1FE86B /* Debug */ = {
			isa = XCBuildConfiguration;
			buildSettings = {
				ALWAYS_SEARCH_USER_PATHS = NO;
				CLANG_ANALYZER_NONNULL = YES;
				CLANG_ANALYZER_NUMBER_OBJECT_CONVERSION = YES_AGGRESSIVE;
				CLANG_CXX_LANGUAGE_STANDARD = "gnu++14";
				CLANG_CXX_LIBRARY = "libc++";
				CLANG_ENABLE_MODULES = YES;
				CLANG_ENABLE_OBJC_ARC = YES;
				CLANG_ENABLE_OBJC_WEAK = YES;
				CLANG_WARN_BLOCK_CAPTURE_AUTORELEASING = YES;
				CLANG_WARN_BOOL_CONVERSION = YES;
				CLANG_WARN_COMMA = YES;
				CLANG_WARN_CONSTANT_CONVERSION = YES;
				CLANG_WARN_DEPRECATED_OBJC_IMPLEMENTATIONS = YES;
				CLANG_WARN_DIRECT_OBJC_ISA_USAGE = YES_ERROR;
				CLANG_WARN_DOCUMENTATION_COMMENTS = YES;
				CLANG_WARN_EMPTY_BODY = YES;
				CLANG_WARN_ENUM_CONVERSION = YES;
				CLANG_WARN_INFINITE_RECURSION = YES;
				CLANG_WARN_INT_CONVERSION = YES;
				CLANG_WARN_NON_LITERAL_NULL_CONVERSION = YES;
				CLANG_WARN_OBJC_IMPLICIT_RETAIN_SELF = YES;
				CLANG_WARN_OBJC_LITERAL_CONVERSION = YES;
				CLANG_WARN_OBJC_ROOT_CLASS = YES_ERROR;
				CLANG_WARN_QUOTED_INCLUDE_IN_FRAMEWORK_HEADER = YES;
				CLANG_WARN_RANGE_LOOP_ANALYSIS = YES;
				CLANG_WARN_STRICT_PROTOTYPES = YES;
				CLANG_WARN_SUSPICIOUS_MOVE = YES;
				CLANG_WARN_UNGUARDED_AVAILABILITY = YES_AGGRESSIVE;
				CLANG_WARN_UNREACHABLE_CODE = YES;
				CLANG_WARN__DUPLICATE_METHOD_MATCH = YES;
				COPY_PHASE_STRIP = NO;
				DEBUG_INFORMATION_FORMAT = dwarf;
				ENABLE_STRICT_OBJC_MSGSEND = YES;
				ENABLE_TESTABILITY = YES;
				GCC_C_LANGUAGE_STANDARD = gnu11;
				GCC_DYNAMIC_NO_PIC = NO;
				GCC_NO_COMMON_BLOCKS = YES;
				GCC_OPTIMIZATION_LEVEL = 0;
				GCC_PREPROCESSOR_DEFINITIONS = (
					"$(inherited)",
					"DEBUG=1",
				);
				GCC_WARN_64_TO_32_BIT_CONVERSION = YES;
				GCC_WARN_ABOUT_RETURN_TYPE = YES_ERROR;
				GCC_WARN_UNDECLARED_SELECTOR = YES;
				GCC_WARN_UNINITIALIZED_AUTOS = YES_AGGRESSIVE;
				GCC_WARN_UNUSED_FUNCTION = YES;
				GCC_WARN_UNUSED_VARIABLE = YES;
				MACOSX_DEPLOYMENT_TARGET = 14.0;
				MTL_ENABLE_DEBUG_INFO = INCLUDE_SOURCE;
				MTL_FAST_MATH = YES;
				ONLY_ACTIVE_ARCH = YES;
				PRODUCT_NAME = "$(TARGET_NAME)";
				SDKROOT = macosx;
				SWIFT_ACTIVE_COMPILATION_CONDITIONS = DEBUG;
				SWIFT_OPTIMIZATION_LEVEL = "-Onone";
				SWIFT_VERSION = 5.0;
			};
			name = Debug;
		};
/* End XCBuildConfiguration section */

/* Begin XCConfigurationList section */
		784CA84B0D068CC2DAD4B655 /* Build configuration list for PBXProject "CCUsageBar" */ = {
			isa = XCConfigurationList;
			buildConfigurations = (
				E6ED56167BD461808A1FE86B /* Debug */,
				798635EDBFFA7DA2EB29799B /* Release */,
			);
			defaultConfigurationIsVisible = 0;
			defaultConfigurationName = Debug;
		};
		F8198CFA31A156E1270E63B5 /* Build configuration list for PBXNativeTarget "CCUsageBar" */ = {
			isa = XCConfigurationList;
			buildConfigurations = (
				40EE6A8A10E5739FA535DE06 /* Debug */,
				52D81581C19DE425827CCA08 /* Release */,
			);
			defaultConfigurationIsVisible = 0;
			defaultConfigurationName = Debug;
		};
/* End XCConfigurationList section */
	};
	rootObject = C48B18E58EE228620786CBD4 /* Project object */;
}
